Microsoft Visual Studio Solution File, Format Version 11.00
# Visual Studio 2008

Project("{473CB826-0D2C-D576-D1D8-215B2A469EA0}") = "tgstation-unity", "Assembly-CSharp-firstpass.csproj", "{0B03024A-3B60-9E73-754E-B71D72E79EC0}"
EndProject
Project("{473CB826-0D2C-D576-D1D8-215B2A469EA0}") = "tgstation-unity", "Assembly-CSharp.csproj", "{5A18B884-83CD-9EA2-6616-7E63811F0A4C}"
EndProject
Global
	GlobalSection(SolutionConfigurationPlatforms) = preSolution
		Debug|Any CPU = Debug|Any CPU
		Release|Any CPU = Release|Any CPU
	EndGlobalSection
	GlobalSection(ProjectConfigurationPlatforms) = postSolution
		{0B03024A-3B60-9E73-754E-B71D72E79EC0}.Debug|Any CPU.ActiveCfg = Debug|Any CPU
		{0B03024A-3B60-9E73-754E-B71D72E79EC0}.Debug|Any CPU.Build.0 = Debug|Any CPU
		{0B03024A-3B60-9E73-754E-B71D72E79EC0}.Release|Any CPU.ActiveCfg = Release|Any CPU
		{0B03024A-3B60-9E73-754E-B71D72E79EC0}.Release|Any CPU.Build.0 = Release|Any CPU
		{5A18B884-83CD-9EA2-6616-7E63811F0A4C}.Debug|Any CPU.ActiveCfg = Debug|Any CPU
		{5A18B884-83CD-9EA2-6616-7E63811F0A4C}.Debug|Any CPU.Build.0 = Debug|Any CPU
		{5A18B884-83CD-9EA2-6616-7E63811F0A4C}.Release|Any CPU.ActiveCfg = Release|Any CPU
		{5A18B884-83CD-9EA2-6616-7E63811F0A4C}.Release|Any CPU.Build.0 = Release|Any CPU
	EndGlobalSection
	GlobalSection(SolutionProperties) = preSolution
		HideSolutionNode = FALSE
	EndGlobalSection
	GlobalSection(MonoDevelopProperties) = preSolution
		StartupItem = Assembly-CSharp.csproj
	EndGlobalSection
EndGlobal
