
Microsoft Visual Studio Solution File, Format Version 12.00
# Visual Studio 2015
Project("{FAE04EC0-301F-11D3-BF4B-00C04F79EFBC}") = "tgstation-unity.CSharp.Plugins", "tgstation-unity.CSharp.Plugins.csproj", "{562BF24D-1E7E-987B-3BE1-4275B7E7240C}"
EndProject
Project("{FAE04EC0-301F-11D3-BF4B-00C04F79EFBC}") = "tgstation-unity.CSharp", "tgstation-unity.CSharp.csproj", "{2A98976F-06FD-47D1-5FE9-B13E6C4847AD}"
EndProject
Global
	GlobalSection(SolutionConfigurationPlatforms) = preSolution
		Debug|Any CPU = Debug|Any CPU
		Release|Any CPU = Release|Any CPU
	EndGlobalSection
	GlobalSection(ProjectConfigurationPlatforms) = postSolution
		{562BF24D-1E7E-987B-3BE1-4275B7E7240C}.Debug|Any CPU.ActiveCfg = Debug|Any CPU
		{562BF24D-1E7E-987B-3BE1-4275B7E7240C}.Debug|Any CPU.Build.0 = Debug|Any CPU
		{562BF24D-1E7E-987B-3BE1-4275B7E7240C}.Release|Any CPU.ActiveCfg = Release|Any CPU
		{562BF24D-1E7E-987B-3BE1-4275B7E7240C}.Release|Any CPU.Build.0 = Release|Any CPU
		{2A98976F-06FD-47D1-5FE9-B13E6C4847AD}.Debug|Any CPU.ActiveCfg = Debug|Any CPU
		{2A98976F-06FD-47D1-5FE9-B13E6C4847AD}.Debug|Any CPU.Build.0 = Debug|Any CPU
		{2A98976F-06FD-47D1-5FE9-B13E6C4847AD}.Release|Any CPU.ActiveCfg = Release|Any CPU
		{2A98976F-06FD-47D1-5FE9-B13E6C4847AD}.Release|Any CPU.Build.0 = Release|Any CPU
	EndGlobalSection
	GlobalSection(SolutionProperties) = preSolution
		HideSolutionNode = FALSE
	EndGlobalSection
EndGlobal
