
Microsoft Visual Studio Solution File, Format Version 12.00
# Visual Studio Version 16
VisualStudioVersion = 16.0.29613.14
MinimumVisualStudioVersion = 10.0.40219.1
Project("{9A19103F-16F7-4668-BE54-9A1E7A4F7556}") = "UnityStation Discord Bot", "UnityStation Discord Bot\UnityStation Discord Bot.csproj", "{1BB30127-3333-496C-9037-2A780FBDA07B}"
EndProject
Global
	GlobalSection(SolutionConfigurationPlatforms) = preSolution
		Debug|Any CPU = Debug|Any CPU
		Release|Any CPU = Release|Any CPU
	EndGlobalSection
	GlobalSection(ProjectConfigurationPlatforms) = postSolution
		{1BB30127-3333-496C-9037-2A780FBDA07B}.Debug|Any CPU.ActiveCfg = Debug|Any CPU
		{1BB30127-3333-496C-9037-2A780FBDA07B}.Debug|Any CPU.Build.0 = Debug|Any CPU
		{1BB30127-3333-496C-9037-2A780FBDA07B}.Release|Any CPU.ActiveCfg = Release|Any CPU
		{1BB30127-3333-496C-9037-2A780FBDA07B}.Release|Any CPU.Build.0 = Release|Any CPU
	EndGlobalSection
	GlobalSection(SolutionProperties) = preSolution
		HideSolutionNode = FALSE
	EndGlobalSection
	GlobalSection(ExtensibilityGlobals) = postSolution
		SolutionGuid = {DF0EEC50-998D-4D3B-B621-72766281C0F5}
	EndGlobalSection
EndGlobal
